
Microsoft Visual Studio Solution File, Format Version 12.00
# Visual Studio 14
VisualStudioVersion = 14.0.25420.1
MinimumVisualStudioVersion = 10.0.40219.1
Project("{8BC9CEB8-8B4A-11D0-8D11-00A0C91BC942}") = "3DMath", "3DMath\3DMath.vcxproj", "{CD683279-617A-4F9F-BBB7-271354305590}"
EndProject
Project("{8BC9CEB8-8B4A-11D0-8D11-00A0C91BC942}") = "Test", "Test\Test.vcxproj", "{33012AA6-44CB-4F42-A5DB-2294C2450022}"
	ProjectSection(ProjectDependencies) = postProject
		{CD683279-617A-4F9F-BBB7-271354305590} = {CD683279-617A-4F9F-BBB7-271354305590}
	EndProjectSection
EndProject
Global
	GlobalSection(SolutionConfigurationPlatforms) = preSolution
		Debug|x64 = Debug|x64
		Debug|x86 = Debug|x86
		Release|x64 = Release|x64
		Release|x86 = Release|x86
	EndGlobalSection
	GlobalSection(ProjectConfigurationPlatforms) = postSolution
		{CD683279-617A-4F9F-BBB7-271354305590}.Debug|x64.ActiveCfg = Debug|x64
		{CD683279-617A-4F9F-BBB7-271354305590}.Debug|x64.Build.0 = Debug|x64
		{CD683279-617A-4F9F-BBB7-271354305590}.Debug|x86.ActiveCfg = Debug|Win32
		{CD683279-617A-4F9F-BBB7-271354305590}.Debug|x86.Build.0 = Debug|Win32
		{CD683279-617A-4F9F-BBB7-271354305590}.Release|x64.ActiveCfg = Release|x64
		{CD683279-617A-4F9F-BBB7-271354305590}.Release|x64.Build.0 = Release|x64
		{CD683279-617A-4F9F-BBB7-271354305590}.Release|x86.ActiveCfg = Release|Win32
		{CD683279-617A-4F9F-BBB7-271354305590}.Release|x86.Build.0 = Release|Win32
		{33012AA6-44CB-4F42-A5DB-2294C2450022}.Debug|x64.ActiveCfg = Debug|x64
		{33012AA6-44CB-4F42-A5DB-2294C2450022}.Debug|x64.Build.0 = Debug|x64
		{33012AA6-44CB-4F42-A5DB-2294C2450022}.Debug|x86.ActiveCfg = Debug|Win32
		{33012AA6-44CB-4F42-A5DB-2294C2450022}.Debug|x86.Build.0 = Debug|Win32
		{33012AA6-44CB-4F42-A5DB-2294C2450022}.Release|x64.ActiveCfg = Release|x64
		{33012AA6-44CB-4F42-A5DB-2294C2450022}.Release|x64.Build.0 = Release|x64
		{33012AA6-44CB-4F42-A5DB-2294C2450022}.Release|x86.ActiveCfg = Release|Win32
		{33012AA6-44CB-4F42-A5DB-2294C2450022}.Release|x86.Build.0 = Release|Win32
	EndGlobalSection
	GlobalSection(SolutionProperties) = preSolution
		HideSolutionNode = FALSE
	EndGlobalSection
EndGlobal
